
Microsoft Visual Studio Solution File, Format Version 12.00
# Visual Studio Version 16
VisualStudioVersion = 16.0.33214.272
MinimumVisualStudioVersion = 10.0.40219.1
Project("{8BC9CEB8-8B4A-11D0-8D11-00A0C91BC942}") = "2023_05_03_010_Asesoria_decisiones", "2023_05_03_010_Asesoria_decisiones.vcxproj", "{7B071FDE-7430-418F-8E03-808E12242629}"
EndProject
Global
	GlobalSection(SolutionConfigurationPlatforms) = preSolution
		Debug|x64 = Debug|x64
		Debug|x86 = Debug|x86
		Release|x64 = Release|x64
		Release|x86 = Release|x86
	EndGlobalSection
	GlobalSection(ProjectConfigurationPlatforms) = postSolution
		{7B071FDE-7430-418F-8E03-808E12242629}.Debug|x64.ActiveCfg = Debug|x64
		{7B071FDE-7430-418F-8E03-808E12242629}.Debug|x64.Build.0 = Debug|x64
		{7B071FDE-7430-418F-8E03-808E12242629}.Debug|x86.ActiveCfg = Debug|Win32
		{7B071FDE-7430-418F-8E03-808E12242629}.Debug|x86.Build.0 = Debug|Win32
		{7B071FDE-7430-418F-8E03-808E12242629}.Release|x64.ActiveCfg = Release|x64
		{7B071FDE-7430-418F-8E03-808E12242629}.Release|x64.Build.0 = Release|x64
		{7B071FDE-7430-418F-8E03-808E12242629}.Release|x86.ActiveCfg = Release|Win32
		{7B071FDE-7430-418F-8E03-808E12242629}.Release|x86.Build.0 = Release|Win32
	EndGlobalSection
	GlobalSection(SolutionProperties) = preSolution
		HideSolutionNode = FALSE
	EndGlobalSection
	GlobalSection(ExtensibilityGlobals) = postSolution
		SolutionGuid = {2474F5EC-8320-443F-A888-9A60428A4730}
	EndGlobalSection
EndGlobal
