
Microsoft Visual Studio Solution File, Format Version 12.00
# Visual Studio Version 16
VisualStudioVersion = 16.0.33214.272
MinimumVisualStudioVersion = 10.0.40219.1
Project("{8BC9CEB8-8B4A-11D0-8D11-00A0C91BC942}") = "2023_04_17_006_Bucles", "2023_04_17_006_Bucles.vcxproj", "{ED86064A-E984-4124-924C-B98A96BC8629}"
EndProject
Global
	GlobalSection(SolutionConfigurationPlatforms) = preSolution
		Debug|x64 = Debug|x64
		Debug|x86 = Debug|x86
		Release|x64 = Release|x64
		Release|x86 = Release|x86
	EndGlobalSection
	GlobalSection(ProjectConfigurationPlatforms) = postSolution
		{ED86064A-E984-4124-924C-B98A96BC8629}.Debug|x64.ActiveCfg = Debug|x64
		{ED86064A-E984-4124-924C-B98A96BC8629}.Debug|x64.Build.0 = Debug|x64
		{ED86064A-E984-4124-924C-B98A96BC8629}.Debug|x86.ActiveCfg = Debug|Win32
		{ED86064A-E984-4124-924C-B98A96BC8629}.Debug|x86.Build.0 = Debug|Win32
		{ED86064A-E984-4124-924C-B98A96BC8629}.Release|x64.ActiveCfg = Release|x64
		{ED86064A-E984-4124-924C-B98A96BC8629}.Release|x64.Build.0 = Release|x64
		{ED86064A-E984-4124-924C-B98A96BC8629}.Release|x86.ActiveCfg = Release|Win32
		{ED86064A-E984-4124-924C-B98A96BC8629}.Release|x86.Build.0 = Release|Win32
	EndGlobalSection
	GlobalSection(SolutionProperties) = preSolution
		HideSolutionNode = FALSE
	EndGlobalSection
	GlobalSection(ExtensibilityGlobals) = postSolution
		SolutionGuid = {7F3B39B4-4FB0-4F09-ACD3-0AB57D13B5A8}
	EndGlobalSection
EndGlobal
